hash: 07852e6d973d8b187b121a191204e1572e76a179b10d014fbe59bd425b1638dd
updated: 2017-09-12T12:49:34.519824963-04:00
imports:
- name: github.com/eltorocorp/go-csv
  version: cc9d0d6b3254b91f60b6f1de443f498683180da9
  subpackages:
  - dialect
testImports:
- name: github.com/davecgh/go-spew
  version: 6d212800a42e8ab5c146b8ace3490ee17e5225f9
  subpackages:
  - spew
- name: github.com/JensRantil/go-csv
  version: 9dd8c9d9034db1b922f2a029bec516f35eb93d25
- name: github.com/pmezard/go-difflib
  version: d8ed2627bdf02c080bf22230dbb337003b7aba2d
  subpackages:
  - difflib
- name: github.com/stretchr/testify
  version: 69483b4bd14f5845b5a1e55bca19e954e827f1d0
  subpackages:
  - assert
